
Microsoft Visual Studio Solution File, Format Version 12.00
# Visual Studio Version 16
VisualStudioVersion = 16.0.30413.136
MinimumVisualStudioVersion = 10.0.40219.1
Project("{888888A0-9F3D-457C-B088-3A5042F75D52}") = "CAPITALSIVANOV", "CAPITALSIVANOV.pyproj", "{4D45A3A5-7C33-424C-ABA4-E26AEA74AC42}"
EndProject
Global
	GlobalSection(SolutionConfigurationPlatforms) = preSolution
		Debug|Any CPU = Debug|Any CPU
		Release|Any CPU = Release|Any CPU
	EndGlobalSection
	GlobalSection(ProjectConfigurationPlatforms) = postSolution
		{4D45A3A5-7C33-424C-ABA4-E26AEA74AC42}.Debug|Any CPU.ActiveCfg = Debug|Any CPU
		{4D45A3A5-7C33-424C-ABA4-E26AEA74AC42}.Release|Any CPU.ActiveCfg = Release|Any CPU
	EndGlobalSection
	GlobalSection(SolutionProperties) = preSolution
		HideSolutionNode = FALSE
	EndGlobalSection
	GlobalSection(ExtensibilityGlobals) = postSolution
		SolutionGuid = {26781467-23FD-4308-85E4-863E501D994C}
	EndGlobalSection
EndGlobal
